// !$*UTF8*$!
{
	archiveVersion = 1;
	classes = {
	};
	objectVersion = 46;
	objects = {

/* Begin PBXBuildFile section */
		B67712F618E999C200DFDF10 /* Foundation.framework in Frameworks */ = {isa = PBXBuildFile; fileRef = B67712F518E999C200DFDF10 /* Foundation.framework */; };
		B67712F818E999C200DFDF10 /* CoreGraphics.framework in Frameworks */ = {isa = PBXBuildFile; fileRef = B67712F718E999C200DFDF10 /* CoreGraphics.framework */; };
		B67712FA18E999C200DFDF10 /* UIKit.framework in Frameworks */ = {isa = PBXBuildFile; fileRef = B67712F918E999C200DFDF10 /* UIKit.framework */; };
		B677130018E999C200DFDF10 /* InfoPlist.strings in Resources */ = {isa = PBXBuildFile; fileRef = B67712FE18E999C200DFDF10 /* InfoPlist.strings */; };
		B677130218E999C200DFDF10 /* main.m in Sources */ = {isa = PBXBuildFile; fileRef = B677130118E999C200DFDF10 /* main.m */; };
		B677130618E999C200DFDF10 /* XYZAppDelegate.m in Sources */ = {isa = PBXBuildFile; fileRef = B677130518E999C200DFDF10 /* XYZAppDelegate.m */; };
		B677130918E999C200DFDF10 /* Main.storyboard in Resources */ = {isa = PBXBuildFile; fileRef = B677130718E999C200DFDF10 /* Main.storyboard */; };
		B677130C18E999C200DFDF10 /* XYZViewController.m in Sources */ = {isa = PBXBuildFile; fileRef = B677130B18E999C200DFDF10 /* XYZViewController.m */; };
		B677130E18E999C200DFDF10 /* Images.xcassets in Resources */ = {isa = PBXBuildFile; fileRef = B677130D18E999C200DFDF10 /* Images.xcassets */; };
		B677131518E999C200DFDF10 /* XCTest.framework in Frameworks */ = {isa = PBXBuildFile; fileRef = B677131418E999C200DFDF10 /* XCTest.framework */; };
		B677131618E999C200DFDF10 /* Foundation.framework in Frameworks */ = {isa = PBXBuildFile; fileRef = B67712F518E999C200DFDF10 /* Foundation.framework */; };
		B677131718E999C200DFDF10 /* UIKit.framework in Frameworks */ = {isa = PBXBuildFile; fileRef = B67712F918E999C200DFDF10 /* UIKit.framework */; };
		B677131F18E999C200DFDF10 /* InfoPlist.strings in Resources */ = {isa = PBXBuildFile; fileRef = B677131D18E999C200DFDF10 /* InfoPlist.strings */; };
		B677132118E999C200DFDF10 /* test1Tests.m in Sources */ = {isa = PBXBuildFile; fileRef = B677132018E999C200DFDF10 /* test1Tests.m */; };
		B677132C18E9B82900DFDF10 /* Card.m in Sources */ = {isa = PBXBuildFile; fileRef = B677132B18E9B82900DFDF10 /* Card.m */; };
		B677132F18E9BC4700DFDF10 /* Deck.m in Sources */ = {isa = PBXBuildFile; fileRef = B677132E18E9BC4700DFDF10 /* Deck.m */; };
		B677133218E9C28600DFDF10 /* PlayingCard.m in Sources */ = {isa = PBXBuildFile; fileRef = B677133118E9C28600DFDF10 /* PlayingCard.m */; };
		B6BF352018EAEE490099407D /* PlayingCardDeck.m in Sources */ = {isa = PBXBuildFile; fileRef = B6BF351F18EAEE490099407D /* PlayingCardDeck.m */; };
		B6D8A02918EC5CE600A29819 /* CardMatchingGame.m in Sources */ = {isa = PBXBuildFile; fileRef = B6D8A02818EC5CE600A29819 /* CardMatchingGame.m */; };
/* End PBXBuildFile section */

/* Begin PBXContainerItemProxy section */
		B677131818E999C200DFDF10 /* PBXContainerItemProxy */ = {
			isa = PBXContainerItemProxy;
			containerPortal = B67712EA18E999C200DFDF10 /* Project object */;
			proxyType = 1;
			remoteGlobalIDString = B67712F118E999C200DFDF10;
			remoteInfo = test1;
		};
/* End PBXContainerItemProxy section */

/* Begin PBXFileReference section */
		B67712F218E999C200DFDF10 /* test1.app */ = {isa = PBXFileReference; explicitFileType = wrapper.application; includeInIndex = 0; path = test1.app; sourceTree = BUILT_PRODUCTS_DIR; };
		B67712F518E999C200DFDF10 /* Foundation.framework */ = {isa = PBXFileReference; lastKnownFileType = wrapper.framework; name = Foundation.framework; path = System/Library/Frameworks/Foundation.framework; sourceTree = SDKROOT; };
		B67712F718E999C200DFDF10 /* CoreGraphics.framework */ = {isa = PBXFileReference; lastKnownFileType = wrapper.framework; name = CoreGraphics.framework; path = System/Library/Frameworks/CoreGraphics.framework; sourceTree = SDKROOT; };
		B67712F918E999C200DFDF10 /* UIKit.framework */ = {isa = PBXFileReference; lastKnownFileType = wrapper.framework; name = UIKit.framework; path = System/Library/Frameworks/UIKit.framework; sourceTree = SDKROOT; };
		B67712FD18E999C200DFDF10 /* test1-Info.plist */ = {isa = PBXFileReference; lastKnownFileType = text.plist.xml; path = "test1-Info.plist"; sourceTree = "<group>"; };
		B67712FF18E999C200DFDF10 /* en */ = {isa = PBXFileReference; lastKnownFileType = text.plist.strings; name = en; path = en.lproj/InfoPlist.strings; sourceTree = "<group>"; };
		B677130118E999C200DFDF10 /* main.m */ = {isa = PBXFileReference; lastKnownFileType = sourcecode.c.objc; path = main.m; sourceTree = "<group>"; };
		B677130318E999C200DFDF10 /* test1-Prefix.pch */ = {isa = PBXFileReference; lastKnownFileType = sourcecode.c.h; path = "test1-Prefix.pch"; sourceTree = "<group>"; };
		B677130418E999C200DFDF10 /* XYZAppDelegate.h */ = {isa = PBXFileReference; lastKnownFileType = sourcecode.c.h; path = XYZAppDelegate.h; sourceTree = "<group>"; };
		B677130518E999C200DFDF10 /* XYZAppDelegate.m */ = {isa = PBXFileReference; lastKnownFileType = sourcecode.c.objc; path = XYZAppDelegate.m; sourceTree = "<group>"; };
		B677130818E999C200DFDF10 /* Base */ = {isa = PBXFileReference; lastKnownFileType = file.storyboard; name = Base; path = Base.lproj/Main.storyboard; sourceTree = "<group>"; };
		B677130A18E999C200DFDF10 /* XYZViewController.h */ = {isa = PBXFileReference; lastKnownFileType = sourcecode.c.h; path = XYZViewController.h; sourceTree = "<group>"; };
		B677130B18E999C200DFDF10 /* XYZViewController.m */ = {isa = PBXFileReference; lastKnownFileType = sourcecode.c.objc; path = XYZViewController.m; sourceTree = "<group>"; };
		B677130D18E999C200DFDF10 /* Images.xcassets */ = {isa = PBXFileReference; lastKnownFileType = folder.assetcatalog; path = Images.xcassets; sourceTree = "<group>"; };
		B677131318E999C200DFDF10 /* test1Tests.xctest */ = {isa = PBXFileReference; explicitFileType = wrapper.cfbundle; includeInIndex = 0; path = test1Tests.xctest; sourceTree = BUILT_PRODUCTS_DIR; };
		B677131418E999C200DFDF10 /* XCTest.framework */ = {isa = PBXFileReference; lastKnownFileType = wrapper.framework; name = XCTest.framework; path = Library/Frameworks/XCTest.framework; sourceTree = DEVELOPER_DIR; };
		B677131C18E999C200DFDF10 /* test1Tests-Info.plist */ = {isa = PBXFileReference; lastKnownFileType = text.plist.xml; path = "test1Tests-Info.plist"; sourceTree = "<group>"; };
		B677131E18E999C200DFDF10 /* en */ = {isa = PBXFileReference; lastKnownFileType = text.plist.strings; name = en; path = en.lproj/InfoPlist.strings; sourceTree = "<group>"; };
		B677132018E999C200DFDF10 /* test1Tests.m */ = {isa = PBXFileReference; lastKnownFileType = sourcecode.c.objc; path = test1Tests.m; sourceTree = "<group>"; };
		B677132A18E9B82900DFDF10 /* Card.h */ = {isa = PBXFileReference; fileEncoding = 4; lastKnownFileType = sourcecode.c.h; path = Card.h; sourceTree = "<group>"; };
		B677132B18E9B82900DFDF10 /* Card.m */ = {isa = PBXFileReference; fileEncoding = 4; lastKnownFileType = sourcecode.c.objc; path = Card.m; sourceTree = "<group>"; };
		B677132D18E9BC4700DFDF10 /* Deck.h */ = {isa = PBXFileReference; fileEncoding = 4; lastKnownFileType = sourcecode.c.h; path = Deck.h; sourceTree = "<group>"; };
		B677132E18E9BC4700DFDF10 /* Deck.m */ = {isa = PBXFileReference; fileEncoding = 4; lastKnownFileType = sourcecode.c.objc; path = Deck.m; sourceTree = "<group>"; };
		B677133018E9C28600DFDF10 /* PlayingCard.h */ = {isa = PBXFileReference; fileEncoding = 4; lastKnownFileType = sourcecode.c.h; path = PlayingCard.h; sourceTree = "<group>"; };
		B677133118E9C28600DFDF10 /* PlayingCard.m */ = {isa = PBXFileReference; fileEncoding = 4; lastKnownFileType = sourcecode.c.objc; path = PlayingCard.m; sourceTree = "<group>"; };
		B6BF351E18EAEE490099407D /* PlayingCardDeck.h */ = {isa = PBXFileReference; fileEncoding = 4; lastKnownFileType = sourcecode.c.h; path = PlayingCardDeck.h; sourceTree = "<group>"; };
		B6BF351F18EAEE490099407D /* PlayingCardDeck.m */ = {isa = PBXFileReference; fileEncoding = 4; lastKnownFileType = sourcecode.c.objc; path = PlayingCardDeck.m; sourceTree = "<group>"; };
		B6D8A02718EC5CE600A29819 /* CardMatchingGame.h */ = {isa = PBXFileReference; fileEncoding = 4; lastKnownFileType = sourcecode.c.h; path = CardMatchingGame.h; sourceTree = "<group>"; };
		B6D8A02818EC5CE600A29819 /* CardMatchingGame.m */ = {isa = PBXFileReference; fileEncoding = 4; lastKnownFileType = sourcecode.c.objc; path = CardMatchingGame.m; sourceTree = "<group>"; };
/* End PBXFileReference section */

/* Begin PBXFrameworksBuildPhase section */
		B67712EF18E999C200DFDF10 /* Frameworks */ = {
			isa = PBXFrameworksBuildPhase;
			buildActionMask = 2147483647;
			files = (
				B67712F818E999C200DFDF10 /* CoreGraphics.framework in Frameworks */,
				B67712FA18E999C200DFDF10 /* UIKit.framework in Frameworks */,
				B67712F618E999C200DFDF10 /* Foundation.framework in Frameworks */,
			);
			runOnlyForDeploymentPostprocessing = 0;
		};
		B677131018E999C200DFDF10 /* Frameworks */ = {
			isa = PBXFrameworksBuildPhase;
			buildActionMask = 2147483647;
			files = (
				B677131518E999C200DFDF10 /* XCTest.framework in Frameworks */,
				B677131718E999C200DFDF10 /* UIKit.framework in Frameworks */,
				B677131618E999C200DFDF10 /* Foundation.framework in Frameworks */,
			);
			runOnlyForDeploymentPostprocessing = 0;
		};
/* End PBXFrameworksBuildPhase section */

/* Begin PBXGroup section */
		B67712E918E999C200DFDF10 = {
			isa = PBXGroup;
			children = (
				B67712FB18E999C200DFDF10 /* test1 */,
				B677131A18E999C200DFDF10 /* test1Tests */,
				B67712F418E999C200DFDF10 /* Frameworks */,
				B67712F318E999C200DFDF10 /* Products */,
			);
			sourceTree = "<group>";
		};
		B67712F318E999C200DFDF10 /* Products */ = {
			isa = PBXGroup;
			children = (
				B67712F218E999C200DFDF10 /* test1.app */,
				B677131318E999C200DFDF10 /* test1Tests.xctest */,
			);
			name = Products;
			sourceTree = "<group>";
		};
		B67712F418E999C200DFDF10 /* Frameworks */ = {
			isa = PBXGroup;
			children = (
				B67712F518E999C200DFDF10 /* Foundation.framework */,
				B67712F718E999C200DFDF10 /* CoreGraphics.framework */,
				B67712F918E999C200DFDF10 /* UIKit.framework */,
				B677131418E999C200DFDF10 /* XCTest.framework */,
			);
			name = Frameworks;
			sourceTree = "<group>";
		};
		B67712FB18E999C200DFDF10 /* test1 */ = {
			isa = PBXGroup;
			children = (
				B677130D18E999C200DFDF10 /* Images.xcassets */,
				B677130518E999C200DFDF10 /* XYZAppDelegate.m */,
				B677130418E999C200DFDF10 /* XYZAppDelegate.h */,
				B677130718E999C200DFDF10 /* Main.storyboard */,
				B677130A18E999C200DFDF10 /* XYZViewController.h */,
				B677130B18E999C200DFDF10 /* XYZViewController.m */,
				B67712FC18E999C200DFDF10 /* Supporting Files */,
				B6BF352118EB0C410099407D /* Model */,
			);
			path = test1;
			sourceTree = "<group>";
		};
		B67712FC18E999C200DFDF10 /* Supporting Files */ = {
			isa = PBXGroup;
			children = (
				B67712FD18E999C200DFDF10 /* test1-Info.plist */,
				B67712FE18E999C200DFDF10 /* InfoPlist.strings */,
				B677130118E999C200DFDF10 /* main.m */,
				B677130318E999C200DFDF10 /* test1-Prefix.pch */,
			);
			name = "Supporting Files";
			sourceTree = "<group>";
		};
		B677131A18E999C200DFDF10 /* test1Tests */ = {
			isa = PBXGroup;
			children = (
				B677132018E999C200DFDF10 /* test1Tests.m */,
				B677131B18E999C200DFDF10 /* Supporting Files */,
			);
			path = test1Tests;
			sourceTree = "<group>";
		};
		B677131B18E999C200DFDF10 /* Supporting Files */ = {
			isa = PBXGroup;
			children = (
				B677131C18E999C200DFDF10 /* test1Tests-Info.plist */,
				B677131D18E999C200DFDF10 /* InfoPlist.strings */,
			);
			name = "Supporting Files";
			sourceTree = "<group>";
		};
		B6BF352118EB0C410099407D /* Model */ = {
			isa = PBXGroup;
			children = (
				B677132D18E9BC4700DFDF10 /* Deck.h */,
				B677132E18E9BC4700DFDF10 /* Deck.m */,
				B677133018E9C28600DFDF10 /* PlayingCard.h */,
				B677133118E9C28600DFDF10 /* PlayingCard.m */,
				B6BF351E18EAEE490099407D /* PlayingCardDeck.h */,
				B6BF351F18EAEE490099407D /* PlayingCardDeck.m */,
				B677132A18E9B82900DFDF10 /* Card.h */,
				B677132B18E9B82900DFDF10 /* Card.m */,
				B6D8A02718EC5CE600A29819 /* CardMatchingGame.h */,
				B6D8A02818EC5CE600A29819 /* CardMatchingGame.m */,
			);
			name = Model;
			sourceTree = "<group>";
		};
/* End PBXGroup section */

/* Begin PBXNativeTarget section */
		B67712F118E999C200DFDF10 /* test1 */ = {
			isa = PBXNativeTarget;
			buildConfigurationList = B677132418E999C200DFDF10 /* Build configuration list for PBXNativeTarget "test1" */;
			buildPhases = (
				B67712EE18E999C200DFDF10 /* Sources */,
				B67712EF18E999C200DFDF10 /* Frameworks */,
				B67712F018E999C200DFDF10 /* Resources */,
			);
			buildRules = (
			);
			dependencies = (
			);
			name = test1;
			productName = test1;
			productReference = B67712F218E999C200DFDF10 /* test1.app */;
			productType = "com.apple.product-type.application";
		};
		B677131218E999C200DFDF10 /* test1Tests */ = {
			isa = PBXNativeTarget;
			buildConfigurationList = B677132718E999C200DFDF10 /* Build configuration list for PBXNativeTarget "test1Tests" */;
			buildPhases = (
				B677130F18E999C200DFDF10 /* Sources */,
				B677131018E999C200DFDF10 /* Frameworks */,
				B677131118E999C200DFDF10 /* Resources */,
			);
			buildRules = (
			);
			dependencies = (
				B677131918E999C200DFDF10 /* PBXTargetDependency */,
			);
			name = test1Tests;
			productName = test1Tests;
			productReference = B677131318E999C200DFDF10 /* test1Tests.xctest */;
			productType = "com.apple.product-type.bundle.unit-test";
		};
/* End PBXNativeTarget section */

/* Begin PBXProject section */
		B67712EA18E999C200DFDF10 /* Project object */ = {
			isa = PBXProject;
			attributes = {
				CLASSPREFIX = XYZ;
				LastUpgradeCheck = 0510;
				ORGANIZATIONNAME = __Wei__;
				TargetAttributes = {
					B677131218E999C200DFDF10 = {
						TestTargetID = B67712F118E999C200DFDF10;
					};
				};
			};
			buildConfigurationList = B67712ED18E999C200DFDF10 /* Build configuration list for PBXProject "test1" */;
			compatibilityVersion = "Xcode 3.2";
			developmentRegion = English;
			hasScannedForEncodings = 0;
			knownRegions = (
				en,
				Base,
			);
			mainGroup = B67712E918E999C200DFDF10;
			productRefGroup = B67712F318E999C200DFDF10 /* Products */;
			projectDirPath = "";
			projectRoot = "";
			targets = (
				B67712F118E999C200DFDF10 /* test1 */,
				B677131218E999C200DFDF10 /* test1Tests */,
			);
		};
/* End PBXProject section */

/* Begin PBXResourcesBuildPhase section */
		B67712F018E999C200DFDF10 /* Resources */ = {
			isa = PBXResourcesBuildPhase;
			buildActionMask = 2147483647;
			files = (
				B677130E18E999C200DFDF10 /* Images.xcassets in Resources */,
				B677130018E999C200DFDF10 /* InfoPlist.strings in Resources */,
				B677130918E999C200DFDF10 /* Main.storyboard in Resources */,
			);
			runOnlyForDeploymentPostprocessing = 0;
		};
		B677131118E999C200DFDF10 /* Resources */ = {
			isa = PBXResourcesBuildPhase;
			buildActionMask = 2147483647;
			files = (
				B677131F18E999C200DFDF10 /* InfoPlist.strings in Resources */,
			);
			runOnlyForDeploymentPostprocessing = 0;
		};
/* End PBXResourcesBuildPhase section */

/* Begin PBXSourcesBuildPhase section */
		B67712EE18E999C200DFDF10 /* Sources */ = {
			isa = PBXSourcesBuildPhase;
			buildActionMask = 2147483647;
			files = (
				B677133218E9C28600DFDF10 /* PlayingCard.m in Sources */,
				B677132F18E9BC4700DFDF10 /* Deck.m in Sources */,
				B677130C18E999C200DFDF10 /* XYZViewController.m in Sources */,
				B677130618E999C200DFDF10 /* XYZAppDelegate.m in Sources */,
				B6D8A02918EC5CE600A29819 /* CardMatchingGame.m in Sources */,
				B6BF352018EAEE490099407D /* PlayingCardDeck.m in Sources */,
				B677130218E999C200DFDF10 /* main.m in Sources */,
				B677132C18E9B82900DFDF10 /* Card.m in Sources */,
			);
			runOnlyForDeploymentPostprocessing = 0;
		};
		B677130F18E999C200DFDF10 /* Sources */ = {
			isa = PBXSourcesBuildPhase;
			buildActionMask = 2147483647;
			files = (
				B677132118E999C200DFDF10 /* test1Tests.m in Sources */,
			);
			runOnlyForDeploymentPostprocessing = 0;
		};
/* End PBXSourcesBuildPhase section */

/* Begin PBXTargetDependency section */
		B677131918E999C200DFDF10 /* PBXTargetDependency */ = {
			isa = PBXTargetDependency;
			target = B67712F118E999C200DFDF10 /* test1 */;
			targetProxy = B677131818E999C200DFDF10 /* PBXContainerItemProxy */;
		};
/* End PBXTargetDependency section */

/* Begin PBXVariantGroup section */
		B67712FE18E999C200DFDF10 /* InfoPlist.strings */ = {
			isa = PBXVariantGroup;
			children = (
				B67712FF18E999C200DFDF10 /* en */,
			);
			name = InfoPlist.strings;
			sourceTree = "<group>";
		};
		B677130718E999C200DFDF10 /* Main.storyboard */ = {
			isa = PBXVariantGroup;
			children = (
				B677130818E999C200DFDF10 /* Base */,
			);
			name = Main.storyboard;
			sourceTree = "<group>";
		};
		B677131D18E999C200DFDF10 /* InfoPlist.strings */ = {
			isa = PBXVariantGroup;
			children = (
				B677131E18E999C200DFDF10 /* en */,
			);
			name = InfoPlist.strings;
			sourceTree = "<group>";
		};
/* End PBXVariantGroup section */

/* Begin XCBuildConfiguration section */
		B677132218E999C200DFDF10 /* Debug */ = {
			isa = XCBuildConfiguration;
			buildSettings = {
				ALWAYS_SEARCH_USER_PATHS = NO;
				CLANG_CXX_LANGUAGE_STANDARD = "gnu++0x";
				CLANG_CXX_LIBRARY = "libc++";
				CLANG_ENABLE_MODULES = YES;
				CLANG_ENABLE_OBJC_ARC = YES;
				CLANG_WARN_BOOL_CONVERSION = YES;
				CLANG_WARN_CONSTANT_CONVERSION = YES;
				CLANG_WARN_DIRECT_OBJC_ISA_USAGE = YES_ERROR;
				CLANG_WARN_EMPTY_BODY = YES;
				CLANG_WARN_ENUM_CONVERSION = YES;
				CLANG_WARN_INT_CONVERSION = YES;
				CLANG_WARN_OBJC_ROOT_CLASS = YES_ERROR;
				CLANG_WARN__DUPLICATE_METHOD_MATCH = YES;
				"CODE_SIGN_IDENTITY[sdk=iphoneos*]" = "iPhone Developer";
				COPY_PHASE_STRIP = NO;
				GCC_C_LANGUAGE_STANDARD = gnu99;
				GCC_DYNAMIC_NO_PIC = NO;
				GCC_OPTIMIZATION_LEVEL = 0;
				GCC_PREPROCESSOR_DEFINITIONS = (
					"DEBUG=1",
					"$(inherited)",
				);
				GCC_SYMBOLS_PRIVATE_EXTERN = NO;
				GCC_WARN_64_TO_32_BIT_CONVERSION = YES;
				GCC_WARN_ABOUT_RETURN_TYPE = YES_ERROR;
				GCC_WARN_UNDECLARED_SELECTOR = YES;
				GCC_WARN_UNINITIALIZED_AUTOS = YES_AGGRESSIVE;
				GCC_WARN_UNUSED_FUNCTION = YES;
				GCC_WARN_UNUSED_VARIABLE = YES;
				IPHONEOS_DEPLOYMENT_TARGET = 7.1;
				ONLY_ACTIVE_ARCH = YES;
				SDKROOT = iphoneos;
			};
			name = Debug;
		};
		B677132318E999C200DFDF10 /* Release */ = {
			isa = XCBuildConfiguration;
			buildSettings = {
				ALWAYS_SEARCH_USER_PATHS = NO;
				CLANG_CXX_LANGUAGE_STANDARD = "gnu++0x";
				CLANG_CXX_LIBRARY = "libc++";
				CLANG_ENABLE_MODULES = YES;
				CLANG_ENABLE_OBJC_ARC = YES;
				CLANG_WARN_BOOL_CONVERSION = YES;
				CLANG_WARN_CONSTANT_CONVERSION = YES;
				CLANG_WARN_DIRECT_OBJC_ISA_USAGE = YES_ERROR;
				CLANG_WARN_EMPTY_BODY = YES;
				CLANG_WARN_ENUM_CONVERSION = YES;
				CLANG_WARN_INT_CONVERSION = YES;
				CLANG_WARN_OBJC_ROOT_CLASS = YES_ERROR;
				CLANG_WARN__DUPLICATE_METHOD_MATCH = YES;
				"CODE_SIGN_IDENTITY[sdk=iphoneos*]" = "iPhone Developer";
				COPY_PHASE_STRIP = YES;
				ENABLE_NS_ASSERTIONS = NO;
				GCC_C_LANGUAGE_STANDARD = gnu99;
				GCC_WARN_64_TO_32_BIT_CONVERSION = YES;
				GCC_WARN_ABOUT_RETURN_TYPE = YES_ERROR;
				GCC_WARN_UNDECLARED_SELECTOR = YES;
				GCC_WARN_UNINITIALIZED_AUTOS = YES_AGGRESSIVE;
				GCC_WARN_UNUSED_FUNCTION = YES;
				GCC_WARN_UNUSED_VARIABLE = YES;
				IPHONEOS_DEPLOYMENT_TARGET = 7.1;
				SDKROOT = iphoneos;
				VALIDATE_PRODUCT = YES;
			};
			name = Release;
		};
		B677132518E999C200DFDF10 /* Debug */ = {
			isa = XCBuildConfiguration;
			buildSettings = {
				ASSETCATALOG_COMPILER_APPICON_NAME = AppIcon;
				ASSETCATALOG_COMPILER_LAUNCHIMAGE_NAME = LaunchImage;
				GCC_PRECOMPILE_PREFIX_HEADER = YES;
				GCC_PREFIX_HEADER = "test1/test1-Prefix.pch";
				INFOPLIST_FILE = "test1/test1-Info.plist";
				PRODUCT_NAME = "$(TARGET_NAME)";
				WRAPPER_EXTENSION = app;
			};
			name = Debug;
		};
		B677132618E999C200DFDF10 /* Release */ = {
			isa = XCBuildConfiguration;
			buildSettings = {
				ASSETCATALOG_COMPILER_APPICON_NAME = AppIcon;
				ASSETCATALOG_COMPILER_LAUNCHIMAGE_NAME = LaunchImage;
				GCC_PRECOMPILE_PREFIX_HEADER = YES;
				GCC_PREFIX_HEADER = "test1/test1-Prefix.pch";
				INFOPLIST_FILE = "test1/test1-Info.plist";
				PRODUCT_NAME = "$(TARGET_NAME)";
				WRAPPER_EXTENSION = app;
			};
			name = Release;
		};
		B677132818E999C200DFDF10 /* Debug */ = {
			isa = XCBuildConfiguration;
			buildSettings = {
				BUNDLE_LOADER = "$(BUILT_PRODUCTS_DIR)/test1.app/test1";
				FRAMEWORK_SEARCH_PATHS = (
					"$(SDKROOT)/Developer/Library/Frameworks",
					"$(inherited)",
					"$(DEVELOPER_FRAMEWORKS_DIR)",
				);
				GCC_PRECOMPILE_PREFIX_HEADER = YES;
				GCC_PREFIX_HEADER = "test1/test1-Prefix.pch";
				GCC_PREPROCESSOR_DEFINITIONS = (
					"DEBUG=1",
					"$(inherited)",
				);
				INFOPLIST_FILE = "test1Tests/test1Tests-Info.plist";
				PRODUCT_NAME = "$(TARGET_NAME)";
				TEST_HOST = "$(BUNDLE_LOADER)";
				WRAPPER_EXTENSION = xctest;
			};
			name = Debug;
		};
		B677132918E999C200DFDF10 /* Release */ = {
			isa = XCBuildConfiguration;
			buildSettings = {
				BUNDLE_LOADER = "$(BUILT_PRODUCTS_DIR)/test1.app/test1";
				FRAMEWORK_SEARCH_PATHS = (
					"$(SDKROOT)/Developer/Library/Frameworks",
					"$(inherited)",
					"$(DEVELOPER_FRAMEWORKS_DIR)",
				);
				GCC_PRECOMPILE_PREFIX_HEADER = YES;
				GCC_PREFIX_HEADER = "test1/test1-Prefix.pch";
				INFOPLIST_FILE = "test1Tests/test1Tests-Info.plist";
				PRODUCT_NAME = "$(TARGET_NAME)";
				TEST_HOST = "$(BUNDLE_LOADER)";
				WRAPPER_EXTENSION = xctest;
			};
			name = Release;
		};
/* End XCBuildConfiguration section */

/* Begin XCConfigurationList section */
		B67712ED18E999C200DFDF10 /* Build configuration list for PBXProject "test1" */ = {
			isa = XCConfigurationList;
			buildConfigurations = (
				B677132218E999C200DFDF10 /* Debug */,
				B677132318E999C200DFDF10 /* Release */,
			);
			defaultConfigurationIsVisible = 0;
			defaultConfigurationName = Release;
		};
		B677132418E999C200DFDF10 /* Build configuration list for PBXNativeTarget "test1" */ = {
			isa = XCConfigurationList;
			buildConfigurations = (
				B677132518E999C200DFDF10 /* Debug */,
				B677132618E999C200DFDF10 /* Release */,
			);
			defaultConfigurationIsVisible = 0;
			defaultConfigurationName = Release;
		};
		B677132718E999C200DFDF10 /* Build configuration list for PBXNativeTarget "test1Tests" */ = {
			isa = XCConfigurationList;
			buildConfigurations = (
				B677132818E999C200DFDF10 /* Debug */,
				B677132918E999C200DFDF10 /* Release */,
			);
			defaultConfigurationIsVisible = 0;
			defaultConfigurationName = Release;
		};
/* End XCConfigurationList section */
	};
	rootObject = B67712EA18E999C200DFDF10 /* Project object */;
}
